
Microsoft Visual Studio Solution File, Format Version 12.00
# Visual Studio Version 17
VisualStudioVersion = 17.11.35303.130
MinimumVisualStudioVersion = 10.0.40219.1
Project("{9A19103F-16F7-4668-BE54-9A1E7A4F7556}") = "SimpleTeam", "SimpleTeam\SimpleTeam.csproj", "{AB822808-EE21-4AA9-B86C-B3F65C07C4A5}"
EndProject
Project("{9A19103F-16F7-4668-BE54-9A1E7A4F7556}") = "MMFileExample", "MMFileExample\MMFileExample.csproj", "{32C118BB-D212-412D-9A8C-8508D771A4BE}"
EndProject
Global
	GlobalSection(SolutionConfigurationPlatforms) = preSolution
		Debug|Any CPU = Debug|Any CPU
		Release|Any CPU = Release|Any CPU
	EndGlobalSection
	GlobalSection(ProjectConfigurationPlatforms) = postSolution
		{AB822808-EE21-4AA9-B86C-B3F65C07C4A5}.Debug|Any CPU.ActiveCfg = Debug|Any CPU
		{AB822808-EE21-4AA9-B86C-B3F65C07C4A5}.Debug|Any CPU.Build.0 = Debug|Any CPU
		{AB822808-EE21-4AA9-B86C-B3F65C07C4A5}.Release|Any CPU.ActiveCfg = Release|Any CPU
		{AB822808-EE21-4AA9-B86C-B3F65C07C4A5}.Release|Any CPU.Build.0 = Release|Any CPU
		{32C118BB-D212-412D-9A8C-8508D771A4BE}.Debug|Any CPU.ActiveCfg = Debug|Any CPU
		{32C118BB-D212-412D-9A8C-8508D771A4BE}.Debug|Any CPU.Build.0 = Debug|Any CPU
		{32C118BB-D212-412D-9A8C-8508D771A4BE}.Release|Any CPU.ActiveCfg = Release|Any CPU
		{32C118BB-D212-412D-9A8C-8508D771A4BE}.Release|Any CPU.Build.0 = Release|Any CPU
	EndGlobalSection
	GlobalSection(SolutionProperties) = preSolution
		HideSolutionNode = FALSE
	EndGlobalSection
	GlobalSection(ExtensibilityGlobals) = postSolution
		SolutionGuid = {5E054DD0-7F79-4102-B9EE-5C9085B48C00}
	EndGlobalSection
EndGlobal
